{
  "pins" : [
    {
      "identity" : "dependencykit",
      "kind" : "remoteSourceControl",
      "location" : "https://github.com/SerhanAksut/DependencyKit.git",
      "state" : {
        "revision" : "92f61198b4d13da34d0348afc665830049ebc4cc",
        "version" : "1.2.0"
      }
    }
  ],
  "version" : 2
}
