{
  "pins" : [
    {
      "identity" : "dependencykit",
      "kind" : "remoteSourceControl",
      "location" : "https://github.com/SerhanAksut/DependencyKit.git",
      "state" : {
        "revision" : "c89d97f519389afd154879243e350b30aaad6c4d",
        "version" : "1.4.0"
      }
    }
  ],
  "version" : 2
}
